
Microsoft Visual Studio Solution File, Format Version 12.00
# Visual Studio Version 17
VisualStudioVersion = 17.5.002.0
MinimumVisualStudioVersion = 10.0.40219.1
Project("{9A19103F-16F7-4668-BE54-9A1E7A4F7556}") = "MiWebAPI", "MiWebAPI\MiWebAPI.csproj", "{7A7A9821-B2DB-4B69-AE3C-2B1DD272D1E3}"
EndProject
Global
	GlobalSection(SolutionConfigurationPlatforms) = preSolution
		Debug|Any CPU = Debug|Any CPU
		Release|Any CPU = Release|Any CPU
	EndGlobalSection
	GlobalSection(ProjectConfigurationPlatforms) = postSolution
		{7A7A9821-B2DB-4B69-AE3C-2B1DD272D1E3}.Debug|Any CPU.ActiveCfg = Debug|Any CPU
		{7A7A9821-B2DB-4B69-AE3C-2B1DD272D1E3}.Debug|Any CPU.Build.0 = Debug|Any CPU
		{7A7A9821-B2DB-4B69-AE3C-2B1DD272D1E3}.Release|Any CPU.ActiveCfg = Release|Any CPU
		{7A7A9821-B2DB-4B69-AE3C-2B1DD272D1E3}.Release|Any CPU.Build.0 = Release|Any CPU
	EndGlobalSection
	GlobalSection(SolutionProperties) = preSolution
		HideSolutionNode = FALSE
	EndGlobalSection
	GlobalSection(ExtensibilityGlobals) = postSolution
		SolutionGuid = {6DB065D4-777E-4C20-9E1D-98DEE2159DEC}
	EndGlobalSection
EndGlobal
